Microsoft Visual Studio Solution File, Format Version 12.00
# Visual Studio Version 17
VisualStudioVersion = 17.5.2.0
MinimumVisualStudioVersion = 10.0.40219.1
Project("{FAE04EC0-301F-11D3-BF4B-00C04F79EFBC}") = "TP6WebAPI", "TP6WebAPI.csproj", "{5A738E7A-2B94-43F1-E569-15B24CAF4733}"
EndProject
Global
	GlobalSection(SolutionConfigurationPlatforms) = preSolution
		Debug|Any CPU = Debug|Any CPU
		Release|Any CPU = Release|Any CPU
	EndGlobalSection
	GlobalSection(ProjectConfigurationPlatforms) = postSolution
		{5A738E7A-2B94-43F1-E569-15B24CAF4733}.Debug|Any CPU.ActiveCfg = Debug|Any CPU
		{5A738E7A-2B94-43F1-E569-15B24CAF4733}.Debug|Any CPU.Build.0 = Debug|Any CPU
		{5A738E7A-2B94-43F1-E569-15B24CAF4733}.Release|Any CPU.ActiveCfg = Release|Any CPU
		{5A738E7A-2B94-43F1-E569-15B24CAF4733}.Release|Any CPU.Build.0 = Release|Any CPU
	EndGlobalSection
	GlobalSection(SolutionProperties) = preSolution
		HideSolutionNode = FALSE
	EndGlobalSection
	GlobalSection(ExtensibilityGlobals) = postSolution
		SolutionGuid = {4950546C-686A-4EA5-9F15-C4639AEE935B}
	EndGlobalSection
EndGlobal
